
Microsoft Visual Studio Solution File, Format Version 12.00
# Visual Studio Version 16
VisualStudioVersion = 16.0.30907.101
MinimumVisualStudioVersion = 10.0.40219.1
Project("{FAE04EC0-301F-11D3-BF4B-00C04F79EFBC}") = "4_laba_3_sem", "4_laba_3_sem\4_laba_3_sem.csproj", "{3B01BE5C-2D7E-491C-85C4-C27495DEDF8D}"
EndProject
Global
	GlobalSection(SolutionConfigurationPlatforms) = preSolution
		Debug|Any CPU = Debug|Any CPU
		Release|Any CPU = Release|Any CPU
	EndGlobalSection
	GlobalSection(ProjectConfigurationPlatforms) = postSolution
		{3B01BE5C-2D7E-491C-85C4-C27495DEDF8D}.Debug|Any CPU.ActiveCfg = Debug|Any CPU
		{3B01BE5C-2D7E-491C-85C4-C27495DEDF8D}.Debug|Any CPU.Build.0 = Debug|Any CPU
		{3B01BE5C-2D7E-491C-85C4-C27495DEDF8D}.Release|Any CPU.ActiveCfg = Release|Any CPU
		{3B01BE5C-2D7E-491C-85C4-C27495DEDF8D}.Release|Any CPU.Build.0 = Release|Any CPU
	EndGlobalSection
	GlobalSection(SolutionProperties) = preSolution
		HideSolutionNode = FALSE
	EndGlobalSection
	GlobalSection(ExtensibilityGlobals) = postSolution
		SolutionGuid = {F1FF9558-3365-471E-A522-D40B164FBE2B}
	EndGlobalSection
EndGlobal
